
Microsoft Visual Studio Solution File, Format Version 12.00
# Visual Studio Version 17
VisualStudioVersion = 17.0.31912.275
MinimumVisualStudioVersion = 10.0.40219.1
Project("{FAE04EC0-301F-11D3-BF4B-00C04F79EFBC}") = "ML_Feedback", "ML_Feedback\ML_Feedback.csproj", "{2461D343-7788-4D3D-BE2D-A8F0E8F7C025}"
EndProject
Global
	GlobalSection(SolutionConfigurationPlatforms) = preSolution
		Debug|Any CPU = Debug|Any CPU
		Release|Any CPU = Release|Any CPU
	EndGlobalSection
	GlobalSection(ProjectConfigurationPlatforms) = postSolution
		{2461D343-7788-4D3D-BE2D-A8F0E8F7C025}.Debug|Any CPU.ActiveCfg = Debug|Any CPU
		{2461D343-7788-4D3D-BE2D-A8F0E8F7C025}.Debug|Any CPU.Build.0 = Debug|Any CPU
		{2461D343-7788-4D3D-BE2D-A8F0E8F7C025}.Release|Any CPU.ActiveCfg = Release|Any CPU
		{2461D343-7788-4D3D-BE2D-A8F0E8F7C025}.Release|Any CPU.Build.0 = Release|Any CPU
	EndGlobalSection
	GlobalSection(SolutionProperties) = preSolution
		HideSolutionNode = FALSE
	EndGlobalSection
	GlobalSection(ExtensibilityGlobals) = postSolution
		SolutionGuid = {590E0738-2162-4055-BD74-5A7CB97E45AE}
	EndGlobalSection
EndGlobal
